Microsoft Visual Studio Solution File, Format Version 12.00
# Visual Studio 15
VisualStudioVersion = 15.0.27703.2000
MinimumVisualStudioVersion = 10.0.40219.1
Project("{8BC9CEB8-8B4A-11D0-8D11-00A0C91BC942}") = "15.1-Set_Exercise", "15.1-Set_Exercise\15.1-Set_Exercise.vcxproj", "{68C0054A-0EC7-45A6-A110-CAAE3E14A1F1}"
EndProject
Project("{8BC9CEB8-8B4A-11D0-8D11-00A0C91BC942}") = "15.2-Library_Database", "15.2-Library_Database\15.2-Library_Database.vcxproj", "{22A4C324-57BE-4F8F-BD73-EECD308204A7}"
EndProject
Global
	GlobalSection(SolutionConfigurationPlatforms) = preSolution
		Debug|x64 = Debug|x64
		Debug|x86 = Debug|x86
		Release|x64 = Release|x64
		Release|x86 = Release|x86
	EndGlobalSection
	GlobalSection(ProjectConfigurationPlatforms) = postSolution
		{68C0054A-0EC7-45A6-A110-CAAE3E14A1F1}.Debug|x64.ActiveCfg = Debug|x64
		{68C0054A-0EC7-45A6-A110-CAAE3E14A1F1}.Debug|x64.Build.0 = Debug|x64
		{68C0054A-0EC7-45A6-A110-CAAE3E14A1F1}.Debug|x86.ActiveCfg = Debug|Win32
		{68C0054A-0EC7-45A6-A110-CAAE3E14A1F1}.Debug|x86.Build.0 = Debug|Win32
		{68C0054A-0EC7-45A6-A110-CAAE3E14A1F1}.Release|x64.ActiveCfg = Release|x64
		{68C0054A-0EC7-45A6-A110-CAAE3E14A1F1}.Release|x64.Build.0 = Release|x64
		{68C0054A-0EC7-45A6-A110-CAAE3E14A1F1}.Release|x86.ActiveCfg = Release|Win32
		{68C0054A-0EC7-45A6-A110-CAAE3E14A1F1}.Release|x86.Build.0 = Release|Win32
		{22A4C324-57BE-4F8F-BD73-EECD308204A7}.Debug|x64.ActiveCfg = Debug|x64
		{22A4C324-57BE-4F8F-BD73-EECD308204A7}.Debug|x64.Build.0 = Debug|x64
		{22A4C324-57BE-4F8F-BD73-EECD308204A7}.Debug|x86.ActiveCfg = Debug|Win32
		{22A4C324-57BE-4F8F-BD73-EECD308204A7}.Debug|x86.Build.0 = Debug|Win32
		{22A4C324-57BE-4F8F-BD73-EECD308204A7}.Release|x64.ActiveCfg = Release|x64
		{22A4C324-57BE-4F8F-BD73-EECD308204A7}.Release|x64.Build.0 = Release|x64
		{22A4C324-57BE-4F8F-BD73-EECD308204A7}.Release|x86.ActiveCfg = Release|Win32
		{22A4C324-57BE-4F8F-BD73-EECD308204A7}.Release|x86.Build.0 = Release|Win32
	EndGlobalSection
	GlobalSection(SolutionProperties) = preSolution
		HideSolutionNode = FALSE
	EndGlobalSection
	GlobalSection(ExtensibilityGlobals) = postSolution
		SolutionGuid = {DBE1532E-65AF-4DBC-9BC0-D990EABD211F}
	EndGlobalSection
EndGlobal
